
Microsoft Visual Studio Solution File, Format Version 12.00
# Visual Studio Version 16
VisualStudioVersion = 16.0.29318.209
MinimumVisualStudioVersion = 10.0.40219.1
Project("{888888A0-9F3D-457C-B088-3A5042F75D52}") = "Stocks", "Stocks.pyproj", "{55921BFC-E034-48D6-A052-DCF1D9EC192A}"
EndProject
Global
	GlobalSection(SolutionConfigurationPlatforms) = preSolution
		Debug|Any CPU = Debug|Any CPU
		Release|Any CPU = Release|Any CPU
	EndGlobalSection
	GlobalSection(ProjectConfigurationPlatforms) = postSolution
		{55921BFC-E034-48D6-A052-DCF1D9EC192A}.Debug|Any CPU.ActiveCfg = Debug|Any CPU
		{55921BFC-E034-48D6-A052-DCF1D9EC192A}.Release|Any CPU.ActiveCfg = Release|Any CPU
	EndGlobalSection
	GlobalSection(SolutionProperties) = preSolution
		HideSolutionNode = FALSE
	EndGlobalSection
	GlobalSection(ExtensibilityGlobals) = postSolution
		SolutionGuid = {5D75735C-03E8-4F06-9A94-78739D85B284}
	EndGlobalSection
EndGlobal
